lockfileVersion: '9.0'

settings:
  autoInstallPeers: true
  excludeLinksFromLockfile: false

importers:

  .:
    dependencies:
      '@gsap/react':
        specifier: ^2.1.2
        version: 2.1.2(gsap@3.15.0)(react@19.2.6)

packages:

  '@gsap/react@2.1.2':
    resolution: {integrity: sha512-JqliybO1837UcgH2hVOM4VO+38APk3ECNrsuSM4MuXp+rbf+/2IG2K1YJiqfTcXQHH7XlA0m3ykniFYstfq0Iw==}
    peerDependencies:
      gsap: ^3.12.5
      react: '>=17'

  gsap@3.15.0:
    resolution: {integrity: sha512-dMW4CWBTUK1AEEDeZc1g4xpPGIrSf9fJF960qbTZmN/QwZIWY5wgliS6JWl9/25fpTGJrMRtSjGtOmPnfjZB+A==}

  react@19.2.6:
    resolution: {integrity: sha512-sfWGGfavi0xr8Pg0sVsyHMAOziVYKgPLNrS7ig+ivMNb3wbCBw3KxtflsGBAwD3gYQlE/AEZsTLgToRrSCjb0Q==}
    engines: {node: '>=0.10.0'}

snapshots:

  '@gsap/react@2.1.2(gsap@3.15.0)(react@19.2.6)':
    dependencies:
      gsap: 3.15.0
      react: 19.2.6

  gsap@3.15.0: {}

  react@19.2.6: {}
